// !$*UTF8*$!
{
	archiveVersion = 1;
	classes = {
	};
	objectVersion = 46;
	objects = {

/* Begin PBXBuildFile section */
		D54F35A91C6BD66900EEA86A /* FBSDKLoginKit.framework in Frameworks */ = {isa = PBXBuildFile; fileRef = D54F35A81C6BD66900EEA86A /* FBSDKLoginKit.framework */; };
		D55A9A521C6B5CEB0077E0EE /* main.m in Sources */ = {isa = PBXBuildFile; fileRef = D55A9A511C6B5CEB0077E0EE /* main.m */; };
		D55A9A551C6B5CEB0077E0EE /* AppDelegate.m in Sources */ = {isa = PBXBuildFile; fileRef = D55A9A541C6B5CEB0077E0EE /* AppDelegate.m */; };
		D55A9A581C6B5CEB0077E0EE /* ViewController.m in Sources */ = {isa = PBXBuildFile; fileRef = D55A9A571C6B5CEB0077E0EE /* ViewController.m */; };
		D55A9A5B1C6B5CEB0077E0EE /* Main.storyboard in Resources */ = {isa = PBXBuildFile; fileRef = D55A9A591C6B5CEB0077E0EE /* Main.storyboard */; };
		D55A9A5D1C6B5CEB0077E0EE /* Images.xcassets in Resources */ = {isa = PBXBuildFile; fileRef = D55A9A5C1C6B5CEB0077E0EE /* Images.xcassets */; };
		D55A9A601C6B5CEB0077E0EE /* LaunchScreen.xib in Resources */ = {isa = PBXBuildFile; fileRef = D55A9A5E1C6B5CEB0077E0EE /* LaunchScreen.xib */; };
		D55A9A6C1C6B5CEB0077E0EE /* PhotoFriendsFacebookTests.m in Sources */ = {isa = PBXBuildFile; fileRef = D55A9A6B1C6B5CEB0077E0EE /* PhotoFriendsFacebookTests.m */; };
		D59A03BF1C6BD5230086DE90 /* FBSDKCoreKit.framework in Frameworks */ = {isa = PBXBuildFile; fileRef = D59A03BE1C6BD5230086DE90 /* FBSDKCoreKit.framework */; };
		D5A0A7F41C6CC55F0088A5E5 /* ListPhoto.m in Sources */ = {isa = PBXBuildFile; fileRef = D5A0A7F31C6CC55F0088A5E5 /* ListPhoto.m */; };
		D5A0A7FA1C6CC8E90088A5E5 /* Friends.m in Sources */ = {isa = PBXBuildFile; fileRef = D5A0A7F91C6CC8E90088A5E5 /* Friends.m */; };
		D5CAEDDF1C6D1F20000060C9 /* FriendTableViewCell.m in Sources */ = {isa = PBXBuildFile; fileRef = D5CAEDDD1C6D1F20000060C9 /* FriendTableViewCell.m */; };
		D5CAEDE01C6D1F20000060C9 /* FriendTableViewCell.xib in Resources */ = {isa = PBXBuildFile; fileRef = D5CAEDDE1C6D1F20000060C9 /* FriendTableViewCell.xib */; };
		D5CAEE091C6D24F6000060C9 /* AFHTTPRequestOperation.m in Sources */ = {isa = PBXBuildFile; fileRef = D5CAEDE41C6D24F6000060C9 /* AFHTTPRequestOperation.m */; };
		D5CAEE0A1C6D24F6000060C9 /* AFHTTPRequestOperationManager.m in Sources */ = {isa = PBXBuildFile; fileRef = D5CAEDE61C6D24F6000060C9 /* AFHTTPRequestOperationManager.m */; };
		D5CAEE0B1C6D24F6000060C9 /* AFHTTPSessionManager.m in Sources */ = {isa = PBXBuildFile; fileRef = D5CAEDE81C6D24F6000060C9 /* AFHTTPSessionManager.m */; };
		D5CAEE0C1C6D24F6000060C9 /* AFNetworkReachabilityManager.m in Sources */ = {isa = PBXBuildFile; fileRef = D5CAEDEB1C6D24F6000060C9 /* AFNetworkReachabilityManager.m */; };
		D5CAEE0D1C6D24F6000060C9 /* AFSecurityPolicy.m in Sources */ = {isa = PBXBuildFile; fileRef = D5CAEDED1C6D24F6000060C9 /* AFSecurityPolicy.m */; };
		D5CAEE0E1C6D24F6000060C9 /* AFURLConnectionOperation.m in Sources */ = {isa = PBXBuildFile; fileRef = D5CAEDEF1C6D24F6000060C9 /* AFURLConnectionOperation.m */; };
		D5CAEE0F1C6D24F6000060C9 /* AFURLRequestSerialization.m in Sources */ = {isa = PBXBuildFile; fileRef = D5CAEDF11C6D24F6000060C9 /* AFURLRequestSerialization.m */; };
		D5CAEE101C6D24F6000060C9 /* AFURLResponseSerialization.m in Sources */ = {isa = PBXBuildFile; fileRef = D5CAEDF31C6D24F6000060C9 /* AFURLResponseSerialization.m */; };
		D5CAEE111C6D24F6000060C9 /* AFURLSessionManager.m in Sources */ = {isa = PBXBuildFile; fileRef = D5CAEDF51C6D24F6000060C9 /* AFURLSessionManager.m */; };
		D5CAEE121C6D24F6000060C9 /* AFNetworkActivityIndicatorManager.m in Sources */ = {isa = PBXBuildFile; fileRef = D5CAEDF81C6D24F6000060C9 /* AFNetworkActivityIndicatorManager.m */; };
		D5CAEE131C6D24F6000060C9 /* UIActivityIndicatorView+AFNetworking.m in Sources */ = {isa = PBXBuildFile; fileRef = D5CAEDFA1C6D24F6000060C9 /* UIActivityIndicatorView+AFNetworking.m */; };
		D5CAEE141C6D24F6000060C9 /* UIAlertView+AFNetworking.m in Sources */ = {isa = PBXBuildFile; fileRef = D5CAEDFC1C6D24F6000060C9 /* UIAlertView+AFNetworking.m */; };
		D5CAEE151C6D24F6000060C9 /* UIButton+AFNetworking.m in Sources */ = {isa = PBXBuildFile; fileRef = D5CAEDFE1C6D24F6000060C9 /* UIButton+AFNetworking.m */; };
		D5CAEE161C6D24F6000060C9 /* UIImageView+AFNetworking.m in Sources */ = {isa = PBXBuildFile; fileRef = D5CAEE011C6D24F6000060C9 /* UIImageView+AFNetworking.m */; };
		D5CAEE171C6D24F6000060C9 /* UIProgressView+AFNetworking.m in Sources */ = {isa = PBXBuildFile; fileRef = D5CAEE041C6D24F6000060C9 /* UIProgressView+AFNetworking.m */; };
		D5CAEE181C6D24F6000060C9 /* UIRefreshControl+AFNetworking.m in Sources */ = {isa = PBXBuildFile; fileRef = D5CAEE061C6D24F6000060C9 /* UIRefreshControl+AFNetworking.m */; };
		D5CAEE191C6D24F6000060C9 /* UIWebView+AFNetworking.m in Sources */ = {isa = PBXBuildFile; fileRef = D5CAEE081C6D24F6000060C9 /* UIWebView+AFNetworking.m */; };
/* End PBXBuildFile section */

/* Begin PBXContainerItemProxy section */
		D55A9A661C6B5CEB0077E0EE /* PBXContainerItemProxy */ = {
			isa = PBXContainerItemProxy;
			containerPortal = D55A9A441C6B5CEB0077E0EE /* Project object */;
			proxyType = 1;
			remoteGlobalIDString = D55A9A4B1C6B5CEB0077E0EE;
			remoteInfo = PhotoFriendsFacebook;
		};
/* End PBXContainerItemProxy section */

/* Begin PBXFileReference section */
		D54F35A81C6BD66900EEA86A /* FBSDKLoginKit.framework */ = {isa = PBXFileReference; lastKnownFileType = wrapper.framework; path = FBSDKLoginKit.framework; sourceTree = "<group>"; };
		D55A9A4C1C6B5CEB0077E0EE /* PhotoFriendsFacebook.app */ = {isa = PBXFileReference; explicitFileType = wrapper.application; includeInIndex = 0; path = PhotoFriendsFacebook.app; sourceTree = BUILT_PRODUCTS_DIR; };
		D55A9A501C6B5CEB0077E0EE /* Info.plist */ = {isa = PBXFileReference; lastKnownFileType = text.plist.xml; path = Info.plist; sourceTree = "<group>"; };
		D55A9A511C6B5CEB0077E0EE /* main.m */ = {isa = PBXFileReference; lastKnownFileType = sourcecode.c.objc; path = main.m; sourceTree = "<group>"; };
		D55A9A531C6B5CEB0077E0EE /* AppDelegate.h */ = {isa = PBXFileReference; lastKnownFileType = sourcecode.c.h; path = AppDelegate.h; sourceTree = "<group>"; };
		D55A9A541C6B5CEB0077E0EE /* AppDelegate.m */ = {isa = PBXFileReference; lastKnownFileType = sourcecode.c.objc; path = AppDelegate.m; sourceTree = "<group>"; };
		D55A9A561C6B5CEB0077E0EE /* ViewController.h */ = {isa = PBXFileReference; lastKnownFileType = sourcecode.c.h; path = ViewController.h; sourceTree = "<group>"; };
		D55A9A571C6B5CEB0077E0EE /* ViewController.m */ = {isa = PBXFileReference; lastKnownFileType = sourcecode.c.objc; path = ViewController.m; sourceTree = "<group>"; };
		D55A9A5A1C6B5CEB0077E0EE /* Base */ = {isa = PBXFileReference; lastKnownFileType = file.storyboard; name = Base; path = Base.lproj/Main.storyboard; sourceTree = "<group>"; };
		D55A9A5C1C6B5CEB0077E0EE /* Images.xcassets */ = {isa = PBXFileReference; lastKnownFileType = folder.assetcatalog; path = Images.xcassets; sourceTree = "<group>"; };
		D55A9A5F1C6B5CEB0077E0EE /* Base */ = {isa = PBXFileReference; lastKnownFileType = file.xib; name = Base; path = Base.lproj/LaunchScreen.xib; sourceTree = "<group>"; };
		D55A9A651C6B5CEB0077E0EE /* PhotoFriendsFacebookTests.xctest */ = {isa = PBXFileReference; explicitFileType = wrapper.cfbundle; includeInIndex = 0; path = PhotoFriendsFacebookTests.xctest; sourceTree = BUILT_PRODUCTS_DIR; };
		D55A9A6A1C6B5CEB0077E0EE /* Info.plist */ = {isa = PBXFileReference; lastKnownFileType = text.plist.xml; path = Info.plist; sourceTree = "<group>"; };
		D55A9A6B1C6B5CEB0077E0EE /* PhotoFriendsFacebookTests.m */ = {isa = PBXFileReference; lastKnownFileType = sourcecode.c.objc; path = PhotoFriendsFacebookTests.m; sourceTree = "<group>"; };
		D59A03BE1C6BD5230086DE90 /* FBSDKCoreKit.framework */ = {isa = PBXFileReference; lastKnownFileType = wrapper.framework; path = FBSDKCoreKit.framework; sourceTree = "<group>"; };
		D5A0A7F21C6CC55F0088A5E5 /* ListPhoto.h */ = {isa = PBXFileReference; fileEncoding = 4; lastKnownFileType = sourcecode.c.h; path = ListPhoto.h; sourceTree = "<group>"; };
		D5A0A7F31C6CC55F0088A5E5 /* ListPhoto.m */ = {isa = PBXFileReference; fileEncoding = 4; lastKnownFileType = sourcecode.c.objc; path = ListPhoto.m; sourceTree = "<group>"; };
		D5A0A7F81C6CC8E90088A5E5 /* Friends.h */ = {isa = PBXFileReference; fileEncoding = 4; lastKnownFileType = sourcecode.c.h; path = Friends.h; sourceTree = "<group>"; };
		D5A0A7F91C6CC8E90088A5E5 /* Friends.m */ = {isa = PBXFileReference; fileEncoding = 4; lastKnownFileType = sourcecode.c.objc; path = Friends.m; sourceTree = "<group>"; };
		D5CAEDDC1C6D1F20000060C9 /* FriendTableViewCell.h */ = {isa = PBXFileReference; fileEncoding = 4; lastKnownFileType = sourcecode.c.h; path = FriendTableViewCell.h; sourceTree = "<group>"; };
		D5CAEDDD1C6D1F20000060C9 /* FriendTableViewCell.m */ = {isa = PBXFileReference; fileEncoding = 4; lastKnownFileType = sourcecode.c.objc; path = FriendTableViewCell.m; sourceTree = "<group>"; };
		D5CAEDDE1C6D1F20000060C9 /* FriendTableViewCell.xib */ = {isa = PBXFileReference; fileEncoding = 4; lastKnownFileType = file.xib; path = FriendTableViewCell.xib; sourceTree = "<group>"; };
		D5CAEDE31C6D24F6000060C9 /* AFHTTPRequestOperation.h */ = {isa = PBXFileReference; fileEncoding = 4; lastKnownFileType = sourcecode.c.h; path = AFHTTPRequestOperation.h; sourceTree = "<group>"; };
		D5CAEDE41C6D24F6000060C9 /* AFHTTPRequestOperation.m */ = {isa = PBXFileReference; fileEncoding = 4; lastKnownFileType = sourcecode.c.objc; path = AFHTTPRequestOperation.m; sourceTree = "<group>"; };
		D5CAEDE51C6D24F6000060C9 /* AFHTTPRequestOperationManager.h */ = {isa = PBXFileReference; fileEncoding = 4; lastKnownFileType = sourcecode.c.h; path = AFHTTPRequestOperationManager.h; sourceTree = "<group>"; };
		D5CAEDE61C6D24F6000060C9 /* AFHTTPRequestOperationManager.m */ = {isa = PBXFileReference; fileEncoding = 4; lastKnownFileType = sourcecode.c.objc; path = AFHTTPRequestOperationManager.m; sourceTree = "<group>"; };
		D5CAEDE71C6D24F6000060C9 /* AFHTTPSessionManager.h */ = {isa = PBXFileReference; fileEncoding = 4; lastKnownFileType = sourcecode.c.h; path = AFHTTPSessionManager.h; sourceTree = "<group>"; };
		D5CAEDE81C6D24F6000060C9 /* AFHTTPSessionManager.m */ = {isa = PBXFileReference; fileEncoding = 4; lastKnownFileType = sourcecode.c.objc; path = AFHTTPSessionManager.m; sourceTree = "<group>"; };
		D5CAEDE91C6D24F6000060C9 /* AFNetworking.h */ = {isa = PBXFileReference; fileEncoding = 4; lastKnownFileType = sourcecode.c.h; path = AFNetworking.h; sourceTree = "<group>"; };
		D5CAEDEA1C6D24F6000060C9 /* AFNetworkReachabilityManager.h */ = {isa = PBXFileReference; fileEncoding = 4; lastKnownFileType = sourcecode.c.h; path = AFNetworkReachabilityManager.h; sourceTree = "<group>"; };
		D5CAEDEB1C6D24F6000060C9 /* AFNetworkReachabilityManager.m */ = {isa = PBXFileReference; fileEncoding = 4; lastKnownFileType = sourcecode.c.objc; path = AFNetworkReachabilityManager.m; sourceTree = "<group>"; };
		D5CAEDEC1C6D24F6000060C9 /* AFSecurityPolicy.h */ = {isa = PBXFileReference; fileEncoding = 4; lastKnownFileType = sourcecode.c.h; path = AFSecurityPolicy.h; sourceTree = "<group>"; };
		D5CAEDED1C6D24F6000060C9 /* AFSecurityPolicy.m */ = {isa = PBXFileReference; fileEncoding = 4; lastKnownFileType = sourcecode.c.objc; path = AFSecurityPolicy.m; sourceTree = "<group>"; };
		D5CAEDEE1C6D24F6000060C9 /* AFURLConnectionOperation.h */ = {isa = PBXFileReference; fileEncoding = 4; lastKnownFileType = sourcecode.c.h; path = AFURLConnectionOperation.h; sourceTree = "<group>"; };
		D5CAEDEF1C6D24F6000060C9 /* AFURLConnectionOperation.m */ = {isa = PBXFileReference; fileEncoding = 4; lastKnownFileType = sourcecode.c.objc; path = AFURLConnectionOperation.m; sourceTree = "<group>"; };
		D5CAEDF01C6D24F6000060C9 /* AFURLRequestSerialization.h */ = {isa = PBXFileReference; fileEncoding = 4; lastKnownFileType = sourcecode.c.h; path = AFURLRequestSerialization.h; sourceTree = "<group>"; };
		D5CAEDF11C6D24F6000060C9 /* AFURLRequestSerialization.m */ = {isa = PBXFileReference; fileEncoding = 4; lastKnownFileType = sourcecode.c.objc; path = AFURLRequestSerialization.m; sourceTree = "<group>"; };
		D5CAEDF21C6D24F6000060C9 /* AFURLResponseSerialization.h */ = {isa = PBXFileReference; fileEncoding = 4; lastKnownFileType = sourcecode.c.h; path = AFURLResponseSerialization.h; sourceTree = "<group>"; };
		D5CAEDF31C6D24F6000060C9 /* AFURLResponseSerialization.m */ = {isa = PBXFileReference; fileEncoding = 4; lastKnownFileType = sourcecode.c.objc; path = AFURLResponseSerialization.m; sourceTree = "<group>"; };
		D5CAEDF41C6D24F6000060C9 /* AFURLSessionManager.h */ = {isa = PBXFileReference; fileEncoding = 4; lastKnownFileType = sourcecode.c.h; path = AFURLSessionManager.h; sourceTree = "<group>"; };
		D5CAEDF51C6D24F6000060C9 /* AFURLSessionManager.m */ = {isa = PBXFileReference; fileEncoding = 4; lastKnownFileType = sourcecode.c.objc; path = AFURLSessionManager.m; sourceTree = "<group>"; };
		D5CAEDF71C6D24F6000060C9 /* AFNetworkActivityIndicatorManager.h */ = {isa = PBXFileReference; fileEncoding = 4; lastKnownFileType = sourcecode.c.h; path = AFNetworkActivityIndicatorManager.h; sourceTree = "<group>"; };
		D5CAEDF81C6D24F6000060C9 /* AFNetworkActivityIndicatorManager.m */ = {isa = PBXFileReference; fileEncoding = 4; lastKnownFileType = sourcecode.c.objc; path = AFNetworkActivityIndicatorManager.m; sourceTree = "<group>"; };
		D5CAEDF91C6D24F6000060C9 /* UIActivityIndicatorView+AFNetworking.h */ = {isa = PBXFileReference; fileEncoding = 4; lastKnownFileType = sourcecode.c.h; path = "UIActivityIndicatorView+AFNetworking.h"; sourceTree = "<group>"; };
		D5CAEDFA1C6D24F6000060C9 /* UIActivityIndicatorView+AFNetworking.m */ = {isa = PBXFileReference; fileEncoding = 4; lastKnownFileType = sourcecode.c.objc; path = "UIActivityIndicatorView+AFNetworking.m"; sourceTree = "<group>"; };
		D5CAEDFB1C6D24F6000060C9 /* UIAlertView+AFNetworking.h */ = {isa = PBXFileReference; fileEncoding = 4; lastKnownFileType = sourcecode.c.h; path = "UIAlertView+AFNetworking.h"; sourceTree = "<group>"; };
		D5CAEDFC1C6D24F6000060C9 /* UIAlertView+AFNetworking.m */ = {isa = PBXFileReference; fileEncoding = 4; lastKnownFileType = sourcecode.c.objc; path = "UIAlertView+AFNetworking.m"; sourceTree = "<group>"; };
		D5CAEDFD1C6D24F6000060C9 /* UIButton+AFNetworking.h */ = {isa = PBXFileReference; fileEncoding = 4; lastKnownFileType = sourcecode.c.h; path = "UIButton+AFNetworking.h"; sourceTree = "<group>"; };
		D5CAEDFE1C6D24F6000060C9 /* UIButton+AFNetworking.m */ = {isa = PBXFileReference; fileEncoding = 4; lastKnownFileType = sourcecode.c.objc; path = "UIButton+AFNetworking.m"; sourceTree = "<group>"; };
		D5CAEDFF1C6D24F6000060C9 /* UIImage+AFNetworking.h */ = {isa = PBXFileReference; fileEncoding = 4; lastKnownFileType = sourcecode.c.h; path = "UIImage+AFNetworking.h"; sourceTree = "<group>"; };
		D5CAEE001C6D24F6000060C9 /* UIImageView+AFNetworking.h */ = {isa = PBXFileReference; fileEncoding = 4; lastKnownFileType = sourcecode.c.h; path = "UIImageView+AFNetworking.h"; sourceTree = "<group>"; };
		D5CAEE011C6D24F6000060C9 /* UIImageView+AFNetworking.m */ = {isa = PBXFileReference; fileEncoding = 4; lastKnownFileType = sourcecode.c.objc; path = "UIImageView+AFNetworking.m"; sourceTree = "<group>"; };
		D5CAEE021C6D24F6000060C9 /* UIKit+AFNetworking.h */ = {isa = PBXFileReference; fileEncoding = 4; lastKnownFileType = sourcecode.c.h; path = "UIKit+AFNetworking.h"; sourceTree = "<group>"; };
		D5CAEE031C6D24F6000060C9 /* UIProgressView+AFNetworking.h */ = {isa = PBXFileReference; fileEncoding = 4; lastKnownFileType = sourcecode.c.h; path = "UIProgressView+AFNetworking.h"; sourceTree = "<group>"; };
		D5CAEE041C6D24F6000060C9 /* UIProgressView+AFNetworking.m */ = {isa = PBXFileReference; fileEncoding = 4; lastKnownFileType = sourcecode.c.objc; path = "UIProgressView+AFNetworking.m"; sourceTree = "<group>"; };
		D5CAEE051C6D24F6000060C9 /* UIRefreshControl+AFNetworking.h */ = {isa = PBXFileReference; fileEncoding = 4; lastKnownFileType = sourcecode.c.h; path = "UIRefreshControl+AFNetworking.h"; sourceTree = "<group>"; };
		D5CAEE061C6D24F6000060C9 /* UIRefreshControl+AFNetworking.m */ = {isa = PBXFileReference; fileEncoding = 4; lastKnownFileType = sourcecode.c.objc; path = "UIRefreshControl+AFNetworking.m"; sourceTree = "<group>"; };
		D5CAEE071C6D24F6000060C9 /* UIWebView+AFNetworking.h */ = {isa = PBXFileReference; fileEncoding = 4; lastKnownFileType = sourcecode.c.h; path = "UIWebView+AFNetworking.h"; sourceTree = "<group>"; };
		D5CAEE081C6D24F6000060C9 /* UIWebView+AFNetworking.m */ = {isa = PBXFileReference; fileEncoding = 4; lastKnownFileType = sourcecode.c.objc; path = "UIWebView+AFNetworking.m"; sourceTree = "<group>"; };
/* End PBXFileReference section */

/* Begin PBXFrameworksBuildPhase section */
		D55A9A491C6B5CEB0077E0EE /* Frameworks */ = {
			isa = PBXFrameworksBuildPhase;
			buildActionMask = 2147483647;
			files = (
				D54F35A91C6BD66900EEA86A /* FBSDKLoginKit.framework in Frameworks */,
				D59A03BF1C6BD5230086DE90 /* FBSDKCoreKit.framework in Frameworks */,
			);
			runOnlyForDeploymentPostprocessing = 0;
		};
		D55A9A621C6B5CEB0077E0EE /* Frameworks */ = {
			isa = PBXFrameworksBuildPhase;
			buildActionMask = 2147483647;
			files = (
			);
			runOnlyForDeploymentPostprocessing = 0;
		};
/* End PBXFrameworksBuildPhase section */

/* Begin PBXGroup section */
		D55A9A431C6B5CEB0077E0EE = {
			isa = PBXGroup;
			children = (
				D5CAEDE11C6D24F6000060C9 /* Libs */,
				D55A9E2E1C6B60070077E0EE /* FrameWork */,
				D55A9A4E1C6B5CEB0077E0EE /* PhotoFriendsFacebook */,
				D55A9A681C6B5CEB0077E0EE /* PhotoFriendsFacebookTests */,
				D55A9A4D1C6B5CEB0077E0EE /* Products */,
			);
			sourceTree = "<group>";
		};
		D55A9A4D1C6B5CEB0077E0EE /* Products */ = {
			isa = PBXGroup;
			children = (
				D55A9A4C1C6B5CEB0077E0EE /* PhotoFriendsFacebook.app */,
				D55A9A651C6B5CEB0077E0EE /* PhotoFriendsFacebookTests.xctest */,
			);
			name = Products;
			sourceTree = "<group>";
		};
		D55A9A4E1C6B5CEB0077E0EE /* PhotoFriendsFacebook */ = {
			isa = PBXGroup;
			children = (
				D5A0A7F81C6CC8E90088A5E5 /* Friends.h */,
				D5A0A7F91C6CC8E90088A5E5 /* Friends.m */,
				D55A9A531C6B5CEB0077E0EE /* AppDelegate.h */,
				D55A9A541C6B5CEB0077E0EE /* AppDelegate.m */,
				D55A9A561C6B5CEB0077E0EE /* ViewController.h */,
				D55A9A571C6B5CEB0077E0EE /* ViewController.m */,
				D5A0A7F21C6CC55F0088A5E5 /* ListPhoto.h */,
				D5A0A7F31C6CC55F0088A5E5 /* ListPhoto.m */,
				D5CAEDDC1C6D1F20000060C9 /* FriendTableViewCell.h */,
				D5CAEDDD1C6D1F20000060C9 /* FriendTableViewCell.m */,
				D5CAEDDE1C6D1F20000060C9 /* FriendTableViewCell.xib */,
				D55A9A591C6B5CEB0077E0EE /* Main.storyboard */,
				D55A9A5C1C6B5CEB0077E0EE /* Images.xcassets */,
				D55A9A5E1C6B5CEB0077E0EE /* LaunchScreen.xib */,
				D55A9A4F1C6B5CEB0077E0EE /* Supporting Files */,
			);
			path = PhotoFriendsFacebook;
			sourceTree = "<group>";
		};
		D55A9A4F1C6B5CEB0077E0EE /* Supporting Files */ = {
			isa = PBXGroup;
			children = (
				D55A9A501C6B5CEB0077E0EE /* Info.plist */,
				D55A9A511C6B5CEB0077E0EE /* main.m */,
			);
			name = "Supporting Files";
			sourceTree = "<group>";
		};
		D55A9A681C6B5CEB0077E0EE /* PhotoFriendsFacebookTests */ = {
			isa = PBXGroup;
			children = (
				D55A9A6B1C6B5CEB0077E0EE /* PhotoFriendsFacebookTests.m */,
				D55A9A691C6B5CEB0077E0EE /* Supporting Files */,
			);
			path = PhotoFriendsFacebookTests;
			sourceTree = "<group>";
		};
		D55A9A691C6B5CEB0077E0EE /* Supporting Files */ = {
			isa = PBXGroup;
			children = (
				D55A9A6A1C6B5CEB0077E0EE /* Info.plist */,
			);
			name = "Supporting Files";
			sourceTree = "<group>";
		};
		D55A9E2E1C6B60070077E0EE /* FrameWork */ = {
			isa = PBXGroup;
			children = (
				D54F35A81C6BD66900EEA86A /* FBSDKLoginKit.framework */,
				D59A03BE1C6BD5230086DE90 /* FBSDKCoreKit.framework */,
			);
			name = FrameWork;
			sourceTree = "<group>";
		};
		D5CAEDE11C6D24F6000060C9 /* Libs */ = {
			isa = PBXGroup;
			children = (
				D5CAEDE21C6D24F6000060C9 /* AFNetworking */,
				D5CAEDF61C6D24F6000060C9 /* UIKit+AFNetworking */,
			);
			path = Libs;
			sourceTree = "<group>";
		};
		D5CAEDE21C6D24F6000060C9 /* AFNetworking */ = {
			isa = PBXGroup;
			children = (
				D5CAEDE31C6D24F6000060C9 /* AFHTTPRequestOperation.h */,
				D5CAEDE41C6D24F6000060C9 /* AFHTTPRequestOperation.m */,
				D5CAEDE51C6D24F6000060C9 /* AFHTTPRequestOperationManager.h */,
				D5CAEDE61C6D24F6000060C9 /* AFHTTPRequestOperationManager.m */,
				D5CAEDE71C6D24F6000060C9 /* AFHTTPSessionManager.h */,
				D5CAEDE81C6D24F6000060C9 /* AFHTTPSessionManager.m */,
				D5CAEDE91C6D24F6000060C9 /* AFNetworking.h */,
				D5CAEDEA1C6D24F6000060C9 /* AFNetworkReachabilityManager.h */,
				D5CAEDEB1C6D24F6000060C9 /* AFNetworkReachabilityManager.m */,
				D5CAEDEC1C6D24F6000060C9 /* AFSecurityPolicy.h */,
				D5CAEDED1C6D24F6000060C9 /* AFSecurityPolicy.m */,
				D5CAEDEE1C6D24F6000060C9 /* AFURLConnectionOperation.h */,
				D5CAEDEF1C6D24F6000060C9 /* AFURLConnectionOperation.m */,
				D5CAEDF01C6D24F6000060C9 /* AFURLRequestSerialization.h */,
				D5CAEDF11C6D24F6000060C9 /* AFURLRequestSerialization.m */,
				D5CAEDF21C6D24F6000060C9 /* AFURLResponseSerialization.h */,
				D5CAEDF31C6D24F6000060C9 /* AFURLResponseSerialization.m */,
				D5CAEDF41C6D24F6000060C9 /* AFURLSessionManager.h */,
				D5CAEDF51C6D24F6000060C9 /* AFURLSessionManager.m */,
			);
			path = AFNetworking;
			sourceTree = "<group>";
		};
		D5CAEDF61C6D24F6000060C9 /* UIKit+AFNetworking */ = {
			isa = PBXGroup;
			children = (
				D5CAEDF71C6D24F6000060C9 /* AFNetworkActivityIndicatorManager.h */,
				D5CAEDF81C6D24F6000060C9 /* AFNetworkActivityIndicatorManager.m */,
				D5CAEDF91C6D24F6000060C9 /* UIActivityIndicatorView+AFNetworking.h */,
				D5CAEDFA1C6D24F6000060C9 /* UIActivityIndicatorView+AFNetworking.m */,
				D5CAEDFB1C6D24F6000060C9 /* UIAlertView+AFNetworking.h */,
				D5CAEDFC1C6D24F6000060C9 /* UIAlertView+AFNetworking.m */,
				D5CAEDFD1C6D24F6000060C9 /* UIButton+AFNetworking.h */,
				D5CAEDFE1C6D24F6000060C9 /* UIButton+AFNetworking.m */,
				D5CAEDFF1C6D24F6000060C9 /* UIImage+AFNetworking.h */,
				D5CAEE001C6D24F6000060C9 /* UIImageView+AFNetworking.h */,
				D5CAEE011C6D24F6000060C9 /* UIImageView+AFNetworking.m */,
				D5CAEE021C6D24F6000060C9 /* UIKit+AFNetworking.h */,
				D5CAEE031C6D24F6000060C9 /* UIProgressView+AFNetworking.h */,
				D5CAEE041C6D24F6000060C9 /* UIProgressView+AFNetworking.m */,
				D5CAEE051C6D24F6000060C9 /* UIRefreshControl+AFNetworking.h */,
				D5CAEE061C6D24F6000060C9 /* UIRefreshControl+AFNetworking.m */,
				D5CAEE071C6D24F6000060C9 /* UIWebView+AFNetworking.h */,
				D5CAEE081C6D24F6000060C9 /* UIWebView+AFNetworking.m */,
			);
			path = "UIKit+AFNetworking";
			sourceTree = "<group>";
		};
/* End PBXGroup section */

/* Begin PBXNativeTarget section */
		D55A9A4B1C6B5CEB0077E0EE /* PhotoFriendsFacebook */ = {
			isa = PBXNativeTarget;
			buildConfigurationList = D55A9A6F1C6B5CEB0077E0EE /* Build configuration list for PBXNativeTarget "PhotoFriendsFacebook" */;
			buildPhases = (
				D55A9A481C6B5CEB0077E0EE /* Sources */,
				D55A9A491C6B5CEB0077E0EE /* Frameworks */,
				D55A9A4A1C6B5CEB0077E0EE /* Resources */,
			);
			buildRules = (
			);
			dependencies = (
			);
			name = PhotoFriendsFacebook;
			productName = PhotoFriendsFacebook;
			productReference = D55A9A4C1C6B5CEB0077E0EE /* PhotoFriendsFacebook.app */;
			productType = "com.apple.product-type.application";
		};
		D55A9A641C6B5CEB0077E0EE /* PhotoFriendsFacebookTests */ = {
			isa = PBXNativeTarget;
			buildConfigurationList = D55A9A721C6B5CEB0077E0EE /* Build configuration list for PBXNativeTarget "PhotoFriendsFacebookTests" */;
			buildPhases = (
				D55A9A611C6B5CEB0077E0EE /* Sources */,
				D55A9A621C6B5CEB0077E0EE /* Frameworks */,
				D55A9A631C6B5CEB0077E0EE /* Resources */,
			);
			buildRules = (
			);
			dependencies = (
				D55A9A671C6B5CEB0077E0EE /* PBXTargetDependency */,
			);
			name = PhotoFriendsFacebookTests;
			productName = PhotoFriendsFacebookTests;
			productReference = D55A9A651C6B5CEB0077E0EE /* PhotoFriendsFacebookTests.xctest */;
			productType = "com.apple.product-type.bundle.unit-test";
		};
/* End PBXNativeTarget section */

/* Begin PBXProject section */
		D55A9A441C6B5CEB0077E0EE /* Project object */ = {
			isa = PBXProject;
			attributes = {
				LastUpgradeCheck = 0630;
				ORGANIZATIONNAME = "Vitaliy Horodecky";
				TargetAttributes = {
					D55A9A4B1C6B5CEB0077E0EE = {
						CreatedOnToolsVersion = 6.3.2;
					};
					D55A9A641C6B5CEB0077E0EE = {
						CreatedOnToolsVersion = 6.3.2;
						TestTargetID = D55A9A4B1C6B5CEB0077E0EE;
					};
				};
			};
			buildConfigurationList = D55A9A471C6B5CEB0077E0EE /* Build configuration list for PBXProject "PhotoFriendsFacebook" */;
			compatibilityVersion = "Xcode 3.2";
			developmentRegion = English;
			hasScannedForEncodings = 0;
			knownRegions = (
				en,
				Base,
			);
			mainGroup = D55A9A431C6B5CEB0077E0EE;
			productRefGroup = D55A9A4D1C6B5CEB0077E0EE /* Products */;
			projectDirPath = "";
			projectRoot = "";
			targets = (
				D55A9A4B1C6B5CEB0077E0EE /* PhotoFriendsFacebook */,
				D55A9A641C6B5CEB0077E0EE /* PhotoFriendsFacebookTests */,
			);
		};
/* End PBXProject section */

/* Begin PBXResourcesBuildPhase section */
		D55A9A4A1C6B5CEB0077E0EE /* Resources */ = {
			isa = PBXResourcesBuildPhase;
			buildActionMask = 2147483647;
			files = (
				D5CAEDE01C6D1F20000060C9 /* FriendTableViewCell.xib in Resources */,
				D55A9A5B1C6B5CEB0077E0EE /* Main.storyboard in Resources */,
				D55A9A601C6B5CEB0077E0EE /* LaunchScreen.xib in Resources */,
				D55A9A5D1C6B5CEB0077E0EE /* Images.xcassets in Resources */,
			);
			runOnlyForDeploymentPostprocessing = 0;
		};
		D55A9A631C6B5CEB0077E0EE /* Resources */ = {
			isa = PBXResourcesBuildPhase;
			buildActionMask = 2147483647;
			files = (
			);
			runOnlyForDeploymentPostprocessing = 0;
		};
/* End PBXResourcesBuildPhase section */

/* Begin PBXSourcesBuildPhase section */
		D55A9A481C6B5CEB0077E0EE /* Sources */ = {
			isa = PBXSourcesBuildPhase;
			buildActionMask = 2147483647;
			files = (
				D5CAEE111C6D24F6000060C9 /* AFURLSessionManager.m in Sources */,
				D5A0A7F41C6CC55F0088A5E5 /* ListPhoto.m in Sources */,
				D5CAEDDF1C6D1F20000060C9 /* FriendTableViewCell.m in Sources */,
				D5CAEE0C1C6D24F6000060C9 /* AFNetworkReachabilityManager.m in Sources */,
				D5CAEE121C6D24F6000060C9 /* AFNetworkActivityIndicatorManager.m in Sources */,
				D55A9A581C6B5CEB0077E0EE /* ViewController.m in Sources */,
				D5CAEE0E1C6D24F6000060C9 /* AFURLConnectionOperation.m in Sources */,
				D5CAEE171C6D24F6000060C9 /* UIProgressView+AFNetworking.m in Sources */,
				D5CAEE0B1C6D24F6000060C9 /* AFHTTPSessionManager.m in Sources */,
				D5CAEE0F1C6D24F6000060C9 /* AFURLRequestSerialization.m in Sources */,
				D55A9A551C6B5CEB0077E0EE /* AppDelegate.m in Sources */,
				D5CAEE151C6D24F6000060C9 /* UIButton+AFNetworking.m in Sources */,
				D5CAEE161C6D24F6000060C9 /* UIImageView+AFNetworking.m in Sources */,
				D5A0A7FA1C6CC8E90088A5E5 /* Friends.m in Sources */,
				D55A9A521C6B5CEB0077E0EE /* main.m in Sources */,
				D5CAEE141C6D24F6000060C9 /* UIAlertView+AFNetworking.m in Sources */,
				D5CAEE191C6D24F6000060C9 /* UIWebView+AFNetworking.m in Sources */,
				D5CAEE131C6D24F6000060C9 /* UIActivityIndicatorView+AFNetworking.m in Sources */,
				D5CAEE0A1C6D24F6000060C9 /* AFHTTPRequestOperationManager.m in Sources */,
				D5CAEE181C6D24F6000060C9 /* UIRefreshControl+AFNetworking.m in Sources */,
				D5CAEE0D1C6D24F6000060C9 /* AFSecurityPolicy.m in Sources */,
				D5CAEE101C6D24F6000060C9 /* AFURLResponseSerialization.m in Sources */,
				D5CAEE091C6D24F6000060C9 /* AFHTTPRequestOperation.m in Sources */,
			);
			runOnlyForDeploymentPostprocessing = 0;
		};
		D55A9A611C6B5CEB0077E0EE /* Sources */ = {
			isa = PBXSourcesBuildPhase;
			buildActionMask = 2147483647;
			files = (
				D55A9A6C1C6B5CEB0077E0EE /* PhotoFriendsFacebookTests.m in Sources */,
			);
			runOnlyForDeploymentPostprocessing = 0;
		};
/* End PBXSourcesBuildPhase section */

/* Begin PBXTargetDependency section */
		D55A9A671C6B5CEB0077E0EE /* PBXTargetDependency */ = {
			isa = PBXTargetDependency;
			target = D55A9A4B1C6B5CEB0077E0EE /* PhotoFriendsFacebook */;
			targetProxy = D55A9A661C6B5CEB0077E0EE /* PBXContainerItemProxy */;
		};
/* End PBXTargetDependency section */

/* Begin PBXVariantGroup section */
		D55A9A591C6B5CEB0077E0EE /* Main.storyboard */ = {
			isa = PBXVariantGroup;
			children = (
				D55A9A5A1C6B5CEB0077E0EE /* Base */,
			);
			name = Main.storyboard;
			sourceTree = "<group>";
		};
		D55A9A5E1C6B5CEB0077E0EE /* LaunchScreen.xib */ = {
			isa = PBXVariantGroup;
			children = (
				D55A9A5F1C6B5CEB0077E0EE /* Base */,
			);
			name = LaunchScreen.xib;
			sourceTree = "<group>";
		};
/* End PBXVariantGroup section */

/* Begin XCBuildConfiguration section */
		D55A9A6D1C6B5CEB0077E0EE /* Debug */ = {
			isa = XCBuildConfiguration;
			buildSettings = {
				ALWAYS_SEARCH_USER_PATHS = NO;
				CLANG_CXX_LANGUAGE_STANDARD = "gnu++0x";
				CLANG_CXX_LIBRARY = "libc++";
				CLANG_ENABLE_MODULES = YES;
				CLANG_ENABLE_OBJC_ARC = YES;
				CLANG_WARN_BOOL_CONVERSION = YES;
				CLANG_WARN_CONSTANT_CONVERSION = YES;
				CLANG_WARN_DIRECT_OBJC_ISA_USAGE = YES_ERROR;
				CLANG_WARN_EMPTY_BODY = YES;
				CLANG_WARN_ENUM_CONVERSION = YES;
				CLANG_WARN_INT_CONVERSION = YES;
				CLANG_WARN_OBJC_ROOT_CLASS = YES_ERROR;
				CLANG_WARN_UNREACHABLE_CODE = YES;
				CLANG_WARN__DUPLICATE_METHOD_MATCH = YES;
				"CODE_SIGN_IDENTITY[sdk=iphoneos*]" = "iPhone Developer";
				COPY_PHASE_STRIP = NO;
				DEBUG_INFORMATION_FORMAT = "dwarf-with-dsym";
				ENABLE_STRICT_OBJC_MSGSEND = YES;
				GCC_C_LANGUAGE_STANDARD = gnu99;
				GCC_DYNAMIC_NO_PIC = NO;
				GCC_NO_COMMON_BLOCKS = YES;
				GCC_OPTIMIZATION_LEVEL = 0;
				GCC_PREPROCESSOR_DEFINITIONS = (
					"DEBUG=1",
					"$(inherited)",
				);
				GCC_SYMBOLS_PRIVATE_EXTERN = NO;
				GCC_WARN_64_TO_32_BIT_CONVERSION = YES;
				GCC_WARN_ABOUT_RETURN_TYPE = YES_ERROR;
				GCC_WARN_UNDECLARED_SELECTOR = YES;
				GCC_WARN_UNINITIALIZED_AUTOS = YES_AGGRESSIVE;
				GCC_WARN_UNUSED_FUNCTION = YES;
				GCC_WARN_UNUSED_VARIABLE = YES;
				IPHONEOS_DEPLOYMENT_TARGET = 8.3;
				MTL_ENABLE_DEBUG_INFO = YES;
				ONLY_ACTIVE_ARCH = YES;
				SDKROOT = iphoneos;
			};
			name = Debug;
		};
		D55A9A6E1C6B5CEB0077E0EE /* Release */ = {
			isa = XCBuildConfiguration;
			buildSettings = {
				ALWAYS_SEARCH_USER_PATHS = NO;
				CLANG_CXX_LANGUAGE_STANDARD = "gnu++0x";
				CLANG_CXX_LIBRARY = "libc++";
				CLANG_ENABLE_MODULES = YES;
				CLANG_ENABLE_OBJC_ARC = YES;
				CLANG_WARN_BOOL_CONVERSION = YES;
				CLANG_WARN_CONSTANT_CONVERSION = YES;
				CLANG_WARN_DIRECT_OBJC_ISA_USAGE = YES_ERROR;
				CLANG_WARN_EMPTY_BODY = YES;
				CLANG_WARN_ENUM_CONVERSION = YES;
				CLANG_WARN_INT_CONVERSION = YES;
				CLANG_WARN_OBJC_ROOT_CLASS = YES_ERROR;
				CLANG_WARN_UNREACHABLE_CODE = YES;
				CLANG_WARN__DUPLICATE_METHOD_MATCH = YES;
				"CODE_SIGN_IDENTITY[sdk=iphoneos*]" = "iPhone Developer";
				COPY_PHASE_STRIP = NO;
				DEBUG_INFORMATION_FORMAT = "dwarf-with-dsym";
				ENABLE_NS_ASSERTIONS = NO;
				ENABLE_STRICT_OBJC_MSGSEND = YES;
				GCC_C_LANGUAGE_STANDARD = gnu99;
				GCC_NO_COMMON_BLOCKS = YES;
				GCC_WARN_64_TO_32_BIT_CONVERSION = YES;
				GCC_WARN_ABOUT_RETURN_TYPE = YES_ERROR;
				GCC_WARN_UNDECLARED_SELECTOR = YES;
				GCC_WARN_UNINITIALIZED_AUTOS = YES_AGGRESSIVE;
				GCC_WARN_UNUSED_FUNCTION = YES;
				GCC_WARN_UNUSED_VARIABLE = YES;
				IPHONEOS_DEPLOYMENT_TARGET = 8.3;
				MTL_ENABLE_DEBUG_INFO = NO;
				SDKROOT = iphoneos;
				VALIDATE_PRODUCT = YES;
			};
			name = Release;
		};
		D55A9A701C6B5CEB0077E0EE /* Debug */ = {
			isa = XCBuildConfiguration;
			buildSettings = {
				ASSETCATALOG_COMPILER_APPICON_NAME = AppIcon;
				CODE_SIGN_IDENTITY = "iPhone Developer";
				FRAMEWORK_SEARCH_PATHS = (
					"$(inherited)",
					"$(PROJECT_DIR)",
				);
				GCC_NO_COMMON_BLOCKS = YES;
				GCC_PREPROCESSOR_DEFINITIONS = (
					"DEBUG=1",
					"$(inherited)",
					"TARGET_OS_IOS=1",
				);
				INFOPLIST_FILE = PhotoFriendsFacebook/Info.plist;
				IPHONEOS_DEPLOYMENT_TARGET = 8.3;
				LD_RUNPATH_SEARCH_PATHS = "$(inherited) @executable_path/Frameworks";
				OTHER_LDFLAGS = "";
				PRODUCT_NAME = "$(TARGET_NAME)";
			};
			name = Debug;
		};
		D55A9A711C6B5CEB0077E0EE /* Release */ = {
			isa = XCBuildConfiguration;
			buildSettings = {
				ASSETCATALOG_COMPILER_APPICON_NAME = AppIcon;
				CODE_SIGN_IDENTITY = "iPhone Developer";
				FRAMEWORK_SEARCH_PATHS = (
					"$(inherited)",
					"$(PROJECT_DIR)",
				);
				GCC_NO_COMMON_BLOCKS = YES;
				GCC_PREPROCESSOR_DEFINITIONS = "TARGET_OS_IOS=1";
				INFOPLIST_FILE = PhotoFriendsFacebook/Info.plist;
				IPHONEOS_DEPLOYMENT_TARGET = 8.3;
				LD_RUNPATH_SEARCH_PATHS = "$(inherited) @executable_path/Frameworks";
				OTHER_LDFLAGS = "";
				PRODUCT_NAME = "$(TARGET_NAME)";
			};
			name = Release;
		};
		D55A9A731C6B5CEB0077E0EE /* Debug */ = {
			isa = XCBuildConfiguration;
			buildSettings = {
				BUNDLE_LOADER = "$(TEST_HOST)";
				CODE_SIGN_IDENTITY = "iPhone Developer: Serhii Biloshkurskyi (BWM3BG773R)";
				FRAMEWORK_SEARCH_PATHS = (
					"$(SDKROOT)/Developer/Library/Frameworks",
					"$(inherited)",
				);
				GCC_PREPROCESSOR_DEFINITIONS = (
					"DEBUG=1",
					"$(inherited)",
				);
				INFOPLIST_FILE = PhotoFriendsFacebookTests/Info.plist;
				LD_RUNPATH_SEARCH_PATHS = "$(inherited) @executable_path/Frameworks @loader_path/Frameworks";
				PRODUCT_NAME = "$(TARGET_NAME)";
				"PROVISIONING_PROFILE[sdk=*]" = "";
				TEST_HOST = "$(BUILT_PRODUCTS_DIR)/PhotoFriendsFacebook.app/PhotoFriendsFacebook";
			};
			name = Debug;
		};
		D55A9A741C6B5CEB0077E0EE /* Release */ = {
			isa = XCBuildConfiguration;
			buildSettings = {
				BUNDLE_LOADER = "$(TEST_HOST)";
				CODE_SIGN_IDENTITY = "iPhone Developer: Serhii Biloshkurskyi (BWM3BG773R)";
				FRAMEWORK_SEARCH_PATHS = (
					"$(SDKROOT)/Developer/Library/Frameworks",
					"$(inherited)",
				);
				INFOPLIST_FILE = PhotoFriendsFacebookTests/Info.plist;
				LD_RUNPATH_SEARCH_PATHS = "$(inherited) @executable_path/Frameworks @loader_path/Frameworks";
				PRODUCT_NAME = "$(TARGET_NAME)";
				TEST_HOST = "$(BUILT_PRODUCTS_DIR)/PhotoFriendsFacebook.app/PhotoFriendsFacebook";
			};
			name = Release;
		};
/* End XCBuildConfiguration section */

/* Begin XCConfigurationList section */
		D55A9A471C6B5CEB0077E0EE /* Build configuration list for PBXProject "PhotoFriendsFacebook" */ = {
			isa = XCConfigurationList;
			buildConfigurations = (
				D55A9A6D1C6B5CEB0077E0EE /* Debug */,
				D55A9A6E1C6B5CEB0077E0EE /* Release */,
			);
			defaultConfigurationIsVisible = 0;
			defaultConfigurationName = Release;
		};
		D55A9A6F1C6B5CEB0077E0EE /* Build configuration list for PBXNativeTarget "PhotoFriendsFacebook" */ = {
			isa = XCConfigurationList;
			buildConfigurations = (
				D55A9A701C6B5CEB0077E0EE /* Debug */,
				D55A9A711C6B5CEB0077E0EE /* Release */,
			);
			defaultConfigurationIsVisible = 0;
			defaultConfigurationName = Release;
		};
		D55A9A721C6B5CEB0077E0EE /* Build configuration list for PBXNativeTarget "PhotoFriendsFacebookTests" */ = {
			isa = XCConfigurationList;
			buildConfigurations = (
				D55A9A731C6B5CEB0077E0EE /* Debug */,
				D55A9A741C6B5CEB0077E0EE /* Release */,
			);
			defaultConfigurationIsVisible = 0;
			defaultConfigurationName = Release;
		};
/* End XCConfigurationList section */
	};
	rootObject = D55A9A441C6B5CEB0077E0EE /* Project object */;
}
